
Microsoft Visual Studio Solution File, Format Version 12.00
# Visual Studio 14
VisualStudioVersion = 14.0.25420.1
MinimumVisualStudioVersion = 10.0.40219.1
Project("{8BC9CEB8-8B4A-11D0-8D11-00A0C91BC942}") = "Lib0", "Lib0\Lib0.vcxproj", "{D2918F99-CDE2-491E-B12F-2A4695A4B954}"
EndProject
Project("{8BC9CEB8-8B4A-11D0-8D11-00A0C91BC942}") = "MFC-0504-1", "MFC-0504-1\MFC-0504-1.vcxproj", "{94CC09C2-513B-4DFD-BE46-8722389FCDF3}"
EndProject
Global
	GlobalSection(SolutionConfigurationPlatforms) = preSolution
		Debug|x64 = Debug|x64
		Debug|x86 = Debug|x86
		Release|x64 = Release|x64
		Release|x86 = Release|x86
	EndGlobalSection
	GlobalSection(ProjectConfigurationPlatforms) = postSolution
		{D2918F99-CDE2-491E-B12F-2A4695A4B954}.Debug|x64.ActiveCfg = Debug|x64
		{D2918F99-CDE2-491E-B12F-2A4695A4B954}.Debug|x64.Build.0 = Debug|x64
		{D2918F99-CDE2-491E-B12F-2A4695A4B954}.Debug|x86.ActiveCfg = Debug|Win32
		{D2918F99-CDE2-491E-B12F-2A4695A4B954}.Debug|x86.Build.0 = Debug|Win32
		{D2918F99-CDE2-491E-B12F-2A4695A4B954}.Release|x64.ActiveCfg = Release|x64
		{D2918F99-CDE2-491E-B12F-2A4695A4B954}.Release|x64.Build.0 = Release|x64
		{D2918F99-CDE2-491E-B12F-2A4695A4B954}.Release|x86.ActiveCfg = Release|Win32
		{D2918F99-CDE2-491E-B12F-2A4695A4B954}.Release|x86.Build.0 = Release|Win32
		{94CC09C2-513B-4DFD-BE46-8722389FCDF3}.Debug|x64.ActiveCfg = Debug|x64
		{94CC09C2-513B-4DFD-BE46-8722389FCDF3}.Debug|x64.Build.0 = Debug|x64
		{94CC09C2-513B-4DFD-BE46-8722389FCDF3}.Debug|x86.ActiveCfg = Debug|Win32
		{94CC09C2-513B-4DFD-BE46-8722389FCDF3}.Debug|x86.Build.0 = Debug|Win32
		{94CC09C2-513B-4DFD-BE46-8722389FCDF3}.Release|x64.ActiveCfg = Release|x64
		{94CC09C2-513B-4DFD-BE46-8722389FCDF3}.Release|x64.Build.0 = Release|x64
		{94CC09C2-513B-4DFD-BE46-8722389FCDF3}.Release|x86.ActiveCfg = Release|Win32
		{94CC09C2-513B-4DFD-BE46-8722389FCDF3}.Release|x86.Build.0 = Release|Win32
	EndGlobalSection
	GlobalSection(SolutionProperties) = preSolution
		HideSolutionNode = FALSE
	EndGlobalSection
EndGlobal
